
Microsoft Visual Studio Solution File, Format Version 12.00
# Visual Studio Version 17
VisualStudioVersion = 17.0.31903.59
MinimumVisualStudioVersion = 10.0.40219.1
Project("{FAE04EC0-301F-11D3-BF4B-00C04F79EFBC}") = "API", "API\API.csproj", "{702A2157-EF5D-48B2-8108-80F8ED4DE24F}"
EndProject
Project("{FAE04EC0-301F-11D3-BF4B-00C04F79EFBC}") = "Application", "Application\Application.csproj", "{78ADEB90-CCEB-405B-BBDB-C08408886135}"
EndProject
Project("{FAE04EC0-301F-11D3-BF4B-00C04F79EFBC}") = "Domain", "Domain\Domain.csproj", "{6AFD2316-95D5-4460-8F91-B6C99FE32AA9}"
EndProject
Project("{FAE04EC0-301F-11D3-BF4B-00C04F79EFBC}") = "Persistence", "Persistence\Persistence.csproj", "{317BA6D6-94F1-4A2D-A362-48AEA6C62DEA}"
EndProject
Global
	GlobalSection(SolutionConfigurationPlatforms) = preSolution
		Debug|Any CPU = Debug|Any CPU
		Debug|x64 = Debug|x64
		Debug|x86 = Debug|x86
		Release|Any CPU = Release|Any CPU
		Release|x64 = Release|x64
		Release|x86 = Release|x86
	EndGlobalSection
	GlobalSection(ProjectConfigurationPlatforms) = postSolution
		{702A2157-EF5D-48B2-8108-80F8ED4DE24F}.Debug|Any CPU.ActiveCfg = Debug|Any CPU
		{702A2157-EF5D-48B2-8108-80F8ED4DE24F}.Debug|Any CPU.Build.0 = Debug|Any CPU
		{702A2157-EF5D-48B2-8108-80F8ED4DE24F}.Debug|x64.ActiveCfg = Debug|Any CPU
		{702A2157-EF5D-48B2-8108-80F8ED4DE24F}.Debug|x64.Build.0 = Debug|Any CPU
		{702A2157-EF5D-48B2-8108-80F8ED4DE24F}.Debug|x86.ActiveCfg = Debug|Any CPU
		{702A2157-EF5D-48B2-8108-80F8ED4DE24F}.Debug|x86.Build.0 = Debug|Any CPU
		{702A2157-EF5D-48B2-8108-80F8ED4DE24F}.Release|Any CPU.ActiveCfg = Release|Any CPU
		{702A2157-EF5D-48B2-8108-80F8ED4DE24F}.Release|Any CPU.Build.0 = Release|Any CPU
		{702A2157-EF5D-48B2-8108-80F8ED4DE24F}.Release|x64.ActiveCfg = Release|Any CPU
		{702A2157-EF5D-48B2-8108-80F8ED4DE24F}.Release|x64.Build.0 = Release|Any CPU
		{702A2157-EF5D-48B2-8108-80F8ED4DE24F}.Release|x86.ActiveCfg = Release|Any CPU
		{702A2157-EF5D-48B2-8108-80F8ED4DE24F}.Release|x86.Build.0 = Release|Any CPU
		{78ADEB90-CCEB-405B-BBDB-C08408886135}.Debug|Any CPU.ActiveCfg = Debug|Any CPU
		{78ADEB90-CCEB-405B-BBDB-C08408886135}.Debug|Any CPU.Build.0 = Debug|Any CPU
		{78ADEB90-CCEB-405B-BBDB-C08408886135}.Debug|x64.ActiveCfg = Debug|Any CPU
		{78ADEB90-CCEB-405B-BBDB-C08408886135}.Debug|x64.Build.0 = Debug|Any CPU
		{78ADEB90-CCEB-405B-BBDB-C08408886135}.Debug|x86.ActiveCfg = Debug|Any CPU
		{78ADEB90-CCEB-405B-BBDB-C08408886135}.Debug|x86.Build.0 = Debug|Any CPU
		{78ADEB90-CCEB-405B-BBDB-C08408886135}.Release|Any CPU.ActiveCfg = Release|Any CPU
		{78ADEB90-CCEB-405B-BBDB-C08408886135}.Release|Any CPU.Build.0 = Release|Any CPU
		{78ADEB90-CCEB-405B-BBDB-C08408886135}.Release|x64.ActiveCfg = Release|Any CPU
		{78ADEB90-CCEB-405B-BBDB-C08408886135}.Release|x64.Build.0 = Release|Any CPU
		{78ADEB90-CCEB-405B-BBDB-C08408886135}.Release|x86.ActiveCfg = Release|Any CPU
		{78ADEB90-CCEB-405B-BBDB-C08408886135}.Release|x86.Build.0 = Release|Any CPU
		{6AFD2316-95D5-4460-8F91-B6C99FE32AA9}.Debug|Any CPU.ActiveCfg = Debug|Any CPU
		{6AFD2316-95D5-4460-8F91-B6C99FE32AA9}.Debug|Any CPU.Build.0 = Debug|Any CPU
		{6AFD2316-95D5-4460-8F91-B6C99FE32AA9}.Debug|x64.ActiveCfg = Debug|Any CPU
		{6AFD2316-95D5-4460-8F91-B6C99FE32AA9}.Debug|x64.Build.0 = Debug|Any CPU
		{6AFD2316-95D5-4460-8F91-B6C99FE32AA9}.Debug|x86.ActiveCfg = Debug|Any CPU
		{6AFD2316-95D5-4460-8F91-B6C99FE32AA9}.Debug|x86.Build.0 = Debug|Any CPU
		{6AFD2316-95D5-4460-8F91-B6C99FE32AA9}.Release|Any CPU.ActiveCfg = Release|Any CPU
		{6AFD2316-95D5-4460-8F91-B6C99FE32AA9}.Release|Any CPU.Build.0 = Release|Any CPU
		{6AFD2316-95D5-4460-8F91-B6C99FE32AA9}.Release|x64.ActiveCfg = Release|Any CPU
		{6AFD2316-95D5-4460-8F91-B6C99FE32AA9}.Release|x64.Build.0 = Release|Any CPU
		{6AFD2316-95D5-4460-8F91-B6C99FE32AA9}.Release|x86.ActiveCfg = Release|Any CPU
		{6AFD2316-95D5-4460-8F91-B6C99FE32AA9}.Release|x86.Build.0 = Release|Any CPU
		{317BA6D6-94F1-4A2D-A362-48AEA6C62DEA}.Debug|Any CPU.ActiveCfg = Debug|Any CPU
		{317BA6D6-94F1-4A2D-A362-48AEA6C62DEA}.Debug|Any CPU.Build.0 = Debug|Any CPU
		{317BA6D6-94F1-4A2D-A362-48AEA6C62DEA}.Debug|x64.ActiveCfg = Debug|Any CPU
		{317BA6D6-94F1-4A2D-A362-48AEA6C62DEA}.Debug|x64.Build.0 = Debug|Any CPU
		{317BA6D6-94F1-4A2D-A362-48AEA6C62DEA}.Debug|x86.ActiveCfg = Debug|Any CPU
		{317BA6D6-94F1-4A2D-A362-48AEA6C62DEA}.Debug|x86.Build.0 = Debug|Any CPU
		{317BA6D6-94F1-4A2D-A362-48AEA6C62DEA}.Release|Any CPU.ActiveCfg = Release|Any CPU
		{317BA6D6-94F1-4A2D-A362-48AEA6C62DEA}.Release|Any CPU.Build.0 = Release|Any CPU
		{317BA6D6-94F1-4A2D-A362-48AEA6C62DEA}.Release|x64.ActiveCfg = Release|Any CPU
		{317BA6D6-94F1-4A2D-A362-48AEA6C62DEA}.Release|x64.Build.0 = Release|Any CPU
		{317BA6D6-94F1-4A2D-A362-48AEA6C62DEA}.Release|x86.ActiveCfg = Release|Any CPU
		{317BA6D6-94F1-4A2D-A362-48AEA6C62DEA}.Release|x86.Build.0 = Release|Any CPU
	EndGlobalSection
	GlobalSection(SolutionProperties) = preSolution
		HideSolutionNode = FALSE
	EndGlobalSection
EndGlobal
